
Microsoft Visual Studio Solution File, Format Version 12.00
# Visual Studio Version 17
VisualStudioVersion = 17.0.31903.59
MinimumVisualStudioVersion = 10.0.40219.1
Project("{2150E333-8FDC-42A3-9474-1A3956D46DE8}") = "src", "src", "{827E0CD3-B72D-47B6-A68D-7590B98EB39B}"
EndProject
Project("{FAE04EC0-301F-11D3-BF4B-00C04F79EFBC}") = "BotCore", "src\BotCore\BotCore.csproj", "{D2C7D210-E022-4B32-950A-6CE2D993E822}"
EndProject
Project("{FAE04EC0-301F-11D3-BF4B-00C04F79EFBC}") = "StrategyAgent", "src\StrategyAgent\StrategyAgent.csproj", "{F985D5D1-B873-4DB0-AE70-A52964AD8688}"
EndProject
Project("{2150E333-8FDC-42A3-9474-1A3956D46DE8}") = "examples", "examples", "{B36A84DF-456D-A817-6EDD-3EC3E7F6E11F}"
EndProject
Project("{FAE04EC0-301F-11D3-BF4B-00C04F79EFBC}") = "UpdaterAgent", "src\UpdaterAgent\UpdaterAgent.csproj", "{4D4F6E97-8D43-41A1-8694-7117D238846A}"
EndProject
Project("{FAE04EC0-301F-11D3-BF4B-00C04F79EFBC}") = "OrchestratorAgent", "src\OrchestratorAgent\OrchestratorAgent.csproj", "{E204619C-78D3-4442-A953-EC0C200A592C}"
EndProject
Project("{FAE04EC0-301F-11D3-BF4B-00C04F79EFBC}") = "UnifiedOrchestrator", "src\UnifiedOrchestrator\UnifiedOrchestrator.csproj", "{F7E5B8A1-1234-4567-8901-234567890123}"
EndProject
Project("{2150E333-8FDC-42A3-9474-1A3956D46DE8}") = "tests", "tests", "{489943A7-7DC0-4BFE-99AF-524E29D60AAB}"
EndProject
Project("{FAE04EC0-301F-11D3-BF4B-00C04F79EFBC}") = "MLRLAuditTests", "tests\Unit\MLRLAuditTests.csproj", "{6611A98A-C6A3-40A4-9A9C-1241EC00750B}"
EndProject
Project("{FAE04EC0-301F-11D3-BF4B-00C04F79EFBC}") = "Abstractions", "src\Abstractions\Abstractions.csproj", "{A1B2C3D4-E5F6-7890-ABCD-EF1234567890}"
EndProject
Project("{FAE04EC0-301F-11D3-BF4B-00C04F79EFBC}") = "Backtest", "src\Backtest\Backtest.csproj", "{B2C3D4E5-F6G7-8901-BCDE-F12345678901}"
EndProject
Project("{FAE04EC0-301F-11D3-BF4B-00C04F79EFBC}") = "Alerts", "src\Infrastructure\Alerts\Alerts.csproj", "{D4E5F6G7-H8I9-0123-DEF0-456789012345}"
EndProject
Project("{FAE04EC0-301F-11D3-BF4B-00C04F79EFBC}") = "IntelligenceAgent", "src\IntelligenceAgent\IntelligenceAgent.csproj", "{E5F6G7H8-I9J0-1234-EF01-567890123456}"
EndProject
Project("{FAE04EC0-301F-11D3-BF4B-00C04F79EFBC}") = "IntelligenceStack", "src\IntelligenceStack\IntelligenceStack.csproj", "{F6G7H8I9-J0K1-2345-F012-678901234567}"
EndProject
Project("{FAE04EC0-301F-11D3-BF4B-00C04F79EFBC}") = "HistoricalTrainer", "src\ML\HistoricalTrainer\HistoricalTrainer.csproj", "{G7H8I9J0-K1L2-3456-0123-789012345678}"
EndProject
Project("{FAE04EC0-301F-11D3-BF4B-00C04F79EFBC}") = "ML", "src\ML\ML.csproj", "{H8I9J0K1-L2M3-4567-1234-890123456789}"
EndProject
Project("{FAE04EC0-301F-11D3-BF4B-00C04F79EFBC}") = "Monitoring", "src\Monitoring\Monitoring.csproj", "{I9J0K1L2-M3N4-5678-2345-901234567890}"
EndProject
Project("{FAE04EC0-301F-11D3-BF4B-00C04F79EFBC}") = "RLAgent", "src\RLAgent\RLAgent.csproj", "{J0K1L2M3-N4O5-6789-3456-012345678901}"
EndProject
Project("{FAE04EC0-301F-11D3-BF4B-00C04F79EFBC}") = "Safety", "src\Safety\Safety.csproj", "{K1L2M3N4-O5P6-7890-4567-123456789012}"
EndProject
Project("{FAE04EC0-301F-11D3-BF4B-00C04F79EFBC}") = "Strategies", "src\Strategies\Strategies.csproj", "{L2M3N4O5-P6Q7-8901-5678-234567890123}"
EndProject
Project("{FAE04EC0-301F-11D3-BF4B-00C04F79EFBC}") = "TopstepAuthAgent", "src\TopstepAuthAgent\TopstepAuthAgent.csproj", "{M3N4O5P6-Q7R8-9012-6789-345678901234}"
EndProject
Global
	GlobalSection(SolutionConfigurationPlatforms) = preSolution
		Debug|Any CPU = Debug|Any CPU
		Debug|x64 = Debug|x64
		Debug|x86 = Debug|x86
		Release|Any CPU = Release|Any CPU
		Release|x64 = Release|x64
		Release|x86 = Release|x86
	EndGlobalSection
	GlobalSection(ProjectConfigurationPlatforms) = postSolution
		{D2C7D210-E022-4B32-950A-6CE2D993E822}.Debug|Any CPU.ActiveCfg = Debug|Any CPU
		{D2C7D210-E022-4B32-950A-6CE2D993E822}.Debug|Any CPU.Build.0 = Debug|Any CPU
		{D2C7D210-E022-4B32-950A-6CE2D993E822}.Debug|x64.ActiveCfg = Debug|Any CPU
		{D2C7D210-E022-4B32-950A-6CE2D993E822}.Debug|x64.Build.0 = Debug|Any CPU
		{D2C7D210-E022-4B32-950A-6CE2D993E822}.Debug|x86.ActiveCfg = Debug|Any CPU
		{D2C7D210-E022-4B32-950A-6CE2D993E822}.Debug|x86.Build.0 = Debug|Any CPU
		{D2C7D210-E022-4B32-950A-6CE2D993E822}.Release|Any CPU.ActiveCfg = Release|Any CPU
		{D2C7D210-E022-4B32-950A-6CE2D993E822}.Release|Any CPU.Build.0 = Release|Any CPU
		{D2C7D210-E022-4B32-950A-6CE2D993E822}.Release|x64.ActiveCfg = Release|Any CPU
		{D2C7D210-E022-4B32-950A-6CE2D993E822}.Release|x64.Build.0 = Release|Any CPU
		{D2C7D210-E022-4B32-950A-6CE2D993E822}.Release|x86.ActiveCfg = Release|Any CPU
		{D2C7D210-E022-4B32-950A-6CE2D993E822}.Release|x86.Build.0 = Release|Any CPU
		{F985D5D1-B873-4DB0-AE70-A52964AD8688}.Debug|Any CPU.ActiveCfg = Debug|Any CPU
		{F985D5D1-B873-4DB0-AE70-A52964AD8688}.Debug|Any CPU.Build.0 = Debug|Any CPU
		{F985D5D1-B873-4DB0-AE70-A52964AD8688}.Debug|x64.ActiveCfg = Debug|Any CPU
		{F985D5D1-B873-4DB0-AE70-A52964AD8688}.Debug|x64.Build.0 = Debug|Any CPU
		{F985D5D1-B873-4DB0-AE70-A52964AD8688}.Debug|x86.ActiveCfg = Debug|Any CPU
		{F985D5D1-B873-4DB0-AE70-A52964AD8688}.Debug|x86.Build.0 = Debug|Any CPU
		{F985D5D1-B873-4DB0-AE70-A52964AD8688}.Release|Any CPU.ActiveCfg = Release|Any CPU
		{F985D5D1-B873-4DB0-AE70-A52964AD8688}.Release|Any CPU.Build.0 = Release|Any CPU
		{F985D5D1-B873-4DB0-AE70-A52964AD8688}.Release|x64.ActiveCfg = Release|Any CPU
		{F985D5D1-B873-4DB0-AE70-A52964AD8688}.Release|x64.Build.0 = Release|Any CPU
		{F985D5D1-B873-4DB0-AE70-A52964AD8688}.Release|x86.ActiveCfg = Release|Any CPU
		{F985D5D1-B873-4DB0-AE70-A52964AD8688}.Release|x86.Build.0 = Release|Any CPU
		{4D4F6E97-8D43-41A1-8694-7117D238846A}.Debug|Any CPU.ActiveCfg = Debug|Any CPU
		{4D4F6E97-8D43-41A1-8694-7117D238846A}.Debug|Any CPU.Build.0 = Debug|Any CPU
		{4D4F6E97-8D43-41A1-8694-7117D238846A}.Debug|x64.ActiveCfg = Debug|Any CPU
		{4D4F6E97-8D43-41A1-8694-7117D238846A}.Debug|x64.Build.0 = Debug|Any CPU
		{4D4F6E97-8D43-41A1-8694-7117D238846A}.Debug|x86.ActiveCfg = Debug|Any CPU
		{4D4F6E97-8D43-41A1-8694-7117D238846A}.Debug|x86.Build.0 = Debug|Any CPU
		{4D4F6E97-8D43-41A1-8694-7117D238846A}.Release|Any CPU.ActiveCfg = Release|Any CPU
		{4D4F6E97-8D43-41A1-8694-7117D238846A}.Release|Any CPU.Build.0 = Release|Any CPU
		{4D4F6E97-8D43-41A1-8694-7117D238846A}.Release|x64.ActiveCfg = Release|Any CPU
		{4D4F6E97-8D43-41A1-8694-7117D238846A}.Release|x64.Build.0 = Release|Any CPU
		{4D4F6E97-8D43-41A1-8694-7117D238846A}.Release|x86.ActiveCfg = Release|Any CPU
		{4D4F6E97-8D43-41A1-8694-7117D238846A}.Release|x86.Build.0 = Release|Any CPU
		{E204619C-78D3-4442-A953-EC0C200A592C}.Debug|Any CPU.ActiveCfg = Debug|Any CPU
		{E204619C-78D3-4442-A953-EC0C200A592C}.Debug|Any CPU.Build.0 = Debug|Any CPU
		{E204619C-78D3-4442-A953-EC0C200A592C}.Debug|x64.ActiveCfg = Debug|Any CPU
		{E204619C-78D3-4442-A953-EC0C200A592C}.Debug|x64.Build.0 = Debug|Any CPU
		{E204619C-78D3-4442-A953-EC0C200A592C}.Debug|x86.ActiveCfg = Debug|Any CPU
		{E204619C-78D3-4442-A953-EC0C200A592C}.Debug|x86.Build.0 = Debug|Any CPU
		{E204619C-78D3-4442-A953-EC0C200A592C}.Release|Any CPU.ActiveCfg = Release|Any CPU
		{E204619C-78D3-4442-A953-EC0C200A592C}.Release|Any CPU.Build.0 = Release|Any CPU
		{E204619C-78D3-4442-A953-EC0C200A592C}.Release|x64.ActiveCfg = Release|Any CPU
		{E204619C-78D3-4442-A953-EC0C200A592C}.Release|x64.Build.0 = Release|Any CPU
		{E204619C-78D3-4442-A953-EC0C200A592C}.Release|x86.ActiveCfg = Release|Any CPU
		{E204619C-78D3-4442-A953-EC0C200A592C}.Release|x86.Build.0 = Release|Any CPU
		{F7E5B8A1-1234-4567-8901-234567890123}.Debug|Any CPU.ActiveCfg = Debug|Any CPU
		{F7E5B8A1-1234-4567-8901-234567890123}.Debug|Any CPU.Build.0 = Debug|Any CPU
		{F7E5B8A1-1234-4567-8901-234567890123}.Debug|x64.ActiveCfg = Debug|Any CPU
		{F7E5B8A1-1234-4567-8901-234567890123}.Debug|x64.Build.0 = Debug|Any CPU
		{F7E5B8A1-1234-4567-8901-234567890123}.Debug|x86.ActiveCfg = Debug|Any CPU
		{F7E5B8A1-1234-4567-8901-234567890123}.Debug|x86.Build.0 = Debug|Any CPU
		{F7E5B8A1-1234-4567-8901-234567890123}.Release|Any CPU.ActiveCfg = Release|Any CPU
		{F7E5B8A1-1234-4567-8901-234567890123}.Release|Any CPU.Build.0 = Release|Any CPU
		{F7E5B8A1-1234-4567-8901-234567890123}.Release|x64.ActiveCfg = Release|Any CPU
		{F7E5B8A1-1234-4567-8901-234567890123}.Release|x64.Build.0 = Release|Any CPU
		{F7E5B8A1-1234-4567-8901-234567890123}.Release|x86.ActiveCfg = Release|Any CPU
		{F7E5B8A1-1234-4567-8901-234567890123}.Release|x86.Build.0 = Release|Any CPU
		{6611A98A-C6A3-40A4-9A9C-1241EC00750B}.Debug|Any CPU.ActiveCfg = Debug|Any CPU
		{6611A98A-C6A3-40A4-9A9C-1241EC00750B}.Debug|Any CPU.Build.0 = Debug|Any CPU
		{6611A98A-C6A3-40A4-9A9C-1241EC00750B}.Debug|x64.ActiveCfg = Debug|Any CPU
		{6611A98A-C6A3-40A4-9A9C-1241EC00750B}.Debug|x64.Build.0 = Debug|Any CPU
		{6611A98A-C6A3-40A4-9A9C-1241EC00750B}.Debug|x86.ActiveCfg = Debug|Any CPU
		{6611A98A-C6A3-40A4-9A9C-1241EC00750B}.Debug|x86.Build.0 = Debug|Any CPU
		{6611A98A-C6A3-40A4-9A9C-1241EC00750B}.Release|Any CPU.ActiveCfg = Release|Any CPU
		{6611A98A-C6A3-40A4-9A9C-1241EC00750B}.Release|Any CPU.Build.0 = Release|Any CPU
		{6611A98A-C6A3-40A4-9A9C-1241EC00750B}.Release|x64.ActiveCfg = Release|Any CPU
		{6611A98A-C6A3-40A4-9A9C-1241EC00750B}.Release|x64.Build.0 = Release|Any CPU
		{6611A98A-C6A3-40A4-9A9C-1241EC00750B}.Release|x86.ActiveCfg = Release|Any CPU
		{6611A98A-C6A3-40A4-9A9C-1241EC00750B}.Release|x86.Build.0 = Release|Any CPU
		{A1B2C3D4-E5F6-7890-ABCD-EF1234567890}.Debug|Any CPU.ActiveCfg = Debug|Any CPU
		{A1B2C3D4-E5F6-7890-ABCD-EF1234567890}.Debug|Any CPU.Build.0 = Debug|Any CPU
		{A1B2C3D4-E5F6-7890-ABCD-EF1234567890}.Debug|x64.ActiveCfg = Debug|Any CPU
		{A1B2C3D4-E5F6-7890-ABCD-EF1234567890}.Debug|x64.Build.0 = Debug|Any CPU
		{A1B2C3D4-E5F6-7890-ABCD-EF1234567890}.Debug|x86.ActiveCfg = Debug|Any CPU
		{A1B2C3D4-E5F6-7890-ABCD-EF1234567890}.Debug|x86.Build.0 = Debug|Any CPU
		{A1B2C3D4-E5F6-7890-ABCD-EF1234567890}.Release|Any CPU.ActiveCfg = Release|Any CPU
		{A1B2C3D4-E5F6-7890-ABCD-EF1234567890}.Release|Any CPU.Build.0 = Release|Any CPU
		{A1B2C3D4-E5F6-7890-ABCD-EF1234567890}.Release|x64.ActiveCfg = Release|Any CPU
		{A1B2C3D4-E5F6-7890-ABCD-EF1234567890}.Release|x64.Build.0 = Release|Any CPU
		{A1B2C3D4-E5F6-7890-ABCD-EF1234567890}.Release|x86.ActiveCfg = Release|Any CPU
		{A1B2C3D4-E5F6-7890-ABCD-EF1234567890}.Release|x86.Build.0 = Release|Any CPU

		{B2C3D4E5-F6G7-8901-BCDE-F12345678901}.Debug|Any CPU.ActiveCfg = Debug|Any CPU
		{B2C3D4E5-F6G7-8901-BCDE-F12345678901}.Debug|Any CPU.Build.0 = Debug|Any CPU
		{B2C3D4E5-F6G7-8901-BCDE-F12345678901}.Debug|x64.ActiveCfg = Debug|Any CPU
		{B2C3D4E5-F6G7-8901-BCDE-F12345678901}.Debug|x64.Build.0 = Debug|Any CPU
		{B2C3D4E5-F6G7-8901-BCDE-F12345678901}.Debug|x86.ActiveCfg = Debug|Any CPU
		{B2C3D4E5-F6G7-8901-BCDE-F12345678901}.Debug|x86.Build.0 = Debug|Any CPU
		{B2C3D4E5-F6G7-8901-BCDE-F12345678901}.Release|Any CPU.ActiveCfg = Release|Any CPU
		{B2C3D4E5-F6G7-8901-BCDE-F12345678901}.Release|Any CPU.Build.0 = Release|Any CPU
		{B2C3D4E5-F6G7-8901-BCDE-F12345678901}.Release|x64.ActiveCfg = Release|Any CPU
		{B2C3D4E5-F6G7-8901-BCDE-F12345678901}.Release|x64.Build.0 = Release|Any CPU
		{B2C3D4E5-F6G7-8901-BCDE-F12345678901}.Release|x86.ActiveCfg = Release|Any CPU
		{B2C3D4E5-F6G7-8901-BCDE-F12345678901}.Release|x86.Build.0 = Release|Any CPU

		{D4E5F6G7-H8I9-0123-DEF0-456789012345}.Debug|Any CPU.ActiveCfg = Debug|Any CPU
		{D4E5F6G7-H8I9-0123-DEF0-456789012345}.Debug|Any CPU.Build.0 = Debug|Any CPU
		{D4E5F6G7-H8I9-0123-DEF0-456789012345}.Debug|x64.ActiveCfg = Debug|Any CPU
		{D4E5F6G7-H8I9-0123-DEF0-456789012345}.Debug|x64.Build.0 = Debug|Any CPU
		{D4E5F6G7-H8I9-0123-DEF0-456789012345}.Debug|x86.ActiveCfg = Debug|Any CPU
		{D4E5F6G7-H8I9-0123-DEF0-456789012345}.Debug|x86.Build.0 = Debug|Any CPU
		{D4E5F6G7-H8I9-0123-DEF0-456789012345}.Release|Any CPU.ActiveCfg = Release|Any CPU
		{D4E5F6G7-H8I9-0123-DEF0-456789012345}.Release|Any CPU.Build.0 = Release|Any CPU
		{D4E5F6G7-H8I9-0123-DEF0-456789012345}.Release|x64.ActiveCfg = Release|Any CPU
		{D4E5F6G7-H8I9-0123-DEF0-456789012345}.Release|x64.Build.0 = Release|Any CPU
		{D4E5F6G7-H8I9-0123-DEF0-456789012345}.Release|x86.ActiveCfg = Release|Any CPU
		{D4E5F6G7-H8I9-0123-DEF0-456789012345}.Release|x86.Build.0 = Release|Any CPU
		{E5F6G7H8-I9J0-1234-EF01-567890123456}.Debug|Any CPU.ActiveCfg = Debug|Any CPU
		{E5F6G7H8-I9J0-1234-EF01-567890123456}.Debug|Any CPU.Build.0 = Debug|Any CPU
		{E5F6G7H8-I9J0-1234-EF01-567890123456}.Debug|x64.ActiveCfg = Debug|Any CPU
		{E5F6G7H8-I9J0-1234-EF01-567890123456}.Debug|x64.Build.0 = Debug|Any CPU
		{E5F6G7H8-I9J0-1234-EF01-567890123456}.Debug|x86.ActiveCfg = Debug|Any CPU
		{E5F6G7H8-I9J0-1234-EF01-567890123456}.Debug|x86.Build.0 = Debug|Any CPU
		{E5F6G7H8-I9J0-1234-EF01-567890123456}.Release|Any CPU.ActiveCfg = Release|Any CPU
		{E5F6G7H8-I9J0-1234-EF01-567890123456}.Release|Any CPU.Build.0 = Release|Any CPU
		{E5F6G7H8-I9J0-1234-EF01-567890123456}.Release|x64.ActiveCfg = Release|Any CPU
		{E5F6G7H8-I9J0-1234-EF01-567890123456}.Release|x64.Build.0 = Release|Any CPU
		{E5F6G7H8-I9J0-1234-EF01-567890123456}.Release|x86.ActiveCfg = Release|Any CPU
		{E5F6G7H8-I9J0-1234-EF01-567890123456}.Release|x86.Build.0 = Release|Any CPU
		{F6G7H8I9-J0K1-2345-F012-678901234567}.Debug|Any CPU.ActiveCfg = Debug|Any CPU
		{F6G7H8I9-J0K1-2345-F012-678901234567}.Debug|Any CPU.Build.0 = Debug|Any CPU
		{F6G7H8I9-J0K1-2345-F012-678901234567}.Debug|x64.ActiveCfg = Debug|Any CPU
		{F6G7H8I9-J0K1-2345-F012-678901234567}.Debug|x64.Build.0 = Debug|Any CPU
		{F6G7H8I9-J0K1-2345-F012-678901234567}.Debug|x86.ActiveCfg = Debug|Any CPU
		{F6G7H8I9-J0K1-2345-F012-678901234567}.Debug|x86.Build.0 = Debug|Any CPU
		{F6G7H8I9-J0K1-2345-F012-678901234567}.Release|Any CPU.ActiveCfg = Release|Any CPU
		{F6G7H8I9-J0K1-2345-F012-678901234567}.Release|Any CPU.Build.0 = Release|Any CPU
		{F6G7H8I9-J0K1-2345-F012-678901234567}.Release|x64.ActiveCfg = Debug|Any CPU
		{F6G7H8I9-J0K1-2345-F012-678901234567}.Release|x64.Build.0 = Debug|Any CPU
		{F6G7H8I9-J0K1-2345-F012-678901234567}.Release|x86.ActiveCfg = Release|Any CPU
		{F6G7H8I9-J0K1-2345-F012-678901234567}.Release|x86.Build.0 = Release|Any CPU
		{G7H8I9J0-K1L2-3456-0123-789012345678}.Debug|Any CPU.ActiveCfg = Debug|Any CPU
		{G7H8I9J0-K1L2-3456-0123-789012345678}.Debug|Any CPU.Build.0 = Debug|Any CPU
		{G7H8I9J0-K1L2-3456-0123-789012345678}.Debug|x64.ActiveCfg = Debug|Any CPU
		{G7H8I9J0-K1L2-3456-0123-789012345678}.Debug|x64.Build.0 = Debug|Any CPU
		{G7H8I9J0-K1L2-3456-0123-789012345678}.Debug|x86.ActiveCfg = Debug|Any CPU
		{G7H8I9J0-K1L2-3456-0123-789012345678}.Debug|x86.Build.0 = Debug|Any CPU
		{G7H8I9J0-K1L2-3456-0123-789012345678}.Release|Any CPU.ActiveCfg = Release|Any CPU
		{G7H8I9J0-K1L2-3456-0123-789012345678}.Release|Any CPU.Build.0 = Release|Any CPU
		{G7H8I9J0-K1L2-3456-0123-789012345678}.Release|x64.ActiveCfg = Release|Any CPU
		{G7H8I9J0-K1L2-3456-0123-789012345678}.Release|x64.Build.0 = Release|Any CPU
		{G7H8I9J0-K1L2-3456-0123-789012345678}.Release|x86.ActiveCfg = Release|Any CPU
		{G7H8I9J0-K1L2-3456-0123-789012345678}.Release|x86.Build.0 = Release|Any CPU
		{H8I9J0K1-L2M3-4567-1234-890123456789}.Debug|Any CPU.ActiveCfg = Debug|Any CPU
		{H8I9J0K1-L2M3-4567-1234-890123456789}.Debug|Any CPU.Build.0 = Debug|Any CPU
		{H8I9J0K1-L2M3-4567-1234-890123456789}.Debug|x64.ActiveCfg = Debug|Any CPU
		{H8I9J0K1-L2M3-4567-1234-890123456789}.Debug|x64.Build.0 = Debug|Any CPU
		{H8I9J0K1-L2M3-4567-1234-890123456789}.Debug|x86.ActiveCfg = Debug|Any CPU
		{H8I9J0K1-L2M3-4567-1234-890123456789}.Debug|x86.Build.0 = Debug|Any CPU
		{H8I9J0K1-L2M3-4567-1234-890123456789}.Release|Any CPU.ActiveCfg = Release|Any CPU
		{H8I9J0K1-L2M3-4567-1234-890123456789}.Release|Any CPU.Build.0 = Release|Any CPU
		{H8I9J0K1-L2M3-4567-1234-890123456789}.Release|x64.ActiveCfg = Release|Any CPU
		{H8I9J0K1-L2M3-4567-1234-890123456789}.Release|x64.Build.0 = Release|Any CPU
		{H8I9J0K1-L2M3-4567-1234-890123456789}.Release|x86.ActiveCfg = Release|Any CPU
		{H8I9J0K1-L2M3-4567-1234-890123456789}.Release|x86.Build.0 = Release|Any CPU
		{I9J0K1L2-M3N4-5678-2345-901234567890}.Debug|Any CPU.ActiveCfg = Debug|Any CPU
		{I9J0K1L2-M3N4-5678-2345-901234567890}.Debug|Any CPU.Build.0 = Debug|Any CPU
		{I9J0K1L2-M3N4-5678-2345-901234567890}.Debug|x64.ActiveCfg = Debug|Any CPU
		{I9J0K1L2-M3N4-5678-2345-901234567890}.Debug|x64.Build.0 = Debug|Any CPU
		{I9J0K1L2-M3N4-5678-2345-901234567890}.Debug|x86.ActiveCfg = Debug|Any CPU
		{I9J0K1L2-M3N4-5678-2345-901234567890}.Debug|x86.Build.0 = Debug|Any CPU
		{I9J0K1L2-M3N4-5678-2345-901234567890}.Release|Any CPU.ActiveCfg = Release|Any CPU
		{I9J0K1L2-M3N4-5678-2345-901234567890}.Release|Any CPU.Build.0 = Release|Any CPU
		{I9J0K1L2-M3N4-5678-2345-901234567890}.Release|x64.ActiveCfg = Release|Any CPU
		{I9J0K1L2-M3N4-5678-2345-901234567890}.Release|x64.Build.0 = Release|Any CPU
		{I9J0K1L2-M3N4-5678-2345-901234567890}.Release|x86.ActiveCfg = Release|Any CPU
		{I9J0K1L2-M3N4-5678-2345-901234567890}.Release|x86.Build.0 = Release|Any CPU
		{J0K1L2M3-N4O5-6789-3456-012345678901}.Debug|Any CPU.ActiveCfg = Debug|Any CPU
		{J0K1L2M3-N4O5-6789-3456-012345678901}.Debug|Any CPU.Build.0 = Debug|Any CPU
		{J0K1L2M3-N4O5-6789-3456-012345678901}.Debug|x64.ActiveCfg = Debug|Any CPU
		{J0K1L2M3-N4O5-6789-3456-012345678901}.Debug|x64.Build.0 = Debug|Any CPU
		{J0K1L2M3-N4O5-6789-3456-012345678901}.Debug|x86.ActiveCfg = Debug|Any CPU
		{J0K1L2M3-N4O5-6789-3456-012345678901}.Debug|x86.Build.0 = Debug|Any CPU
		{J0K1L2M3-N4O5-6789-3456-012345678901}.Release|Any CPU.ActiveCfg = Release|Any CPU
		{J0K1L2M3-N4O5-6789-3456-012345678901}.Release|Any CPU.Build.0 = Release|Any CPU
		{J0K1L2M3-N4O5-6789-3456-012345678901}.Release|x64.ActiveCfg = Release|Any CPU
		{J0K1L2M3-N4O5-6789-3456-012345678901}.Release|x64.Build.0 = Release|Any CPU
		{J0K1L2M3-N4O5-6789-3456-012345678901}.Release|x86.ActiveCfg = Release|Any CPU
		{J0K1L2M3-N4O5-6789-3456-012345678901}.Release|x86.Build.0 = Release|Any CPU
		{K1L2M3N4-O5P6-7890-4567-123456789012}.Debug|Any CPU.ActiveCfg = Debug|Any CPU
		{K1L2M3N4-O5P6-7890-4567-123456789012}.Debug|Any CPU.Build.0 = Debug|Any CPU
		{K1L2M3N4-O5P6-7890-4567-123456789012}.Debug|x64.ActiveCfg = Debug|Any CPU
		{K1L2M3N4-O5P6-7890-4567-123456789012}.Debug|x64.Build.0 = Debug|Any CPU
		{K1L2M3N4-O5P6-7890-4567-123456789012}.Debug|x86.ActiveCfg = Debug|Any CPU
		{K1L2M3N4-O5P6-7890-4567-123456789012}.Debug|x86.Build.0 = Debug|Any CPU
		{K1L2M3N4-O5P6-7890-4567-123456789012}.Release|Any CPU.ActiveCfg = Release|Any CPU
		{K1L2M3N4-O5P6-7890-4567-123456789012}.Release|Any CPU.Build.0 = Release|Any CPU
		{K1L2M3N4-O5P6-7890-4567-123456789012}.Release|x64.ActiveCfg = Release|Any CPU
		{K1L2M3N4-O5P6-7890-4567-123456789012}.Release|x64.Build.0 = Release|Any CPU
		{K1L2M3N4-O5P6-7890-4567-123456789012}.Release|x86.ActiveCfg = Release|Any CPU
		{K1L2M3N4-O5P6-7890-4567-123456789012}.Release|x86.Build.0 = Release|Any CPU
		{L2M3N4O5-P6Q7-8901-5678-234567890123}.Debug|Any CPU.ActiveCfg = Debug|Any CPU
		{L2M3N4O5-P6Q7-8901-5678-234567890123}.Debug|Any CPU.Build.0 = Debug|Any CPU
		{L2M3N4O5-P6Q7-8901-5678-234567890123}.Debug|x64.ActiveCfg = Debug|Any CPU
		{L2M3N4O5-P6Q7-8901-5678-234567890123}.Debug|x64.Build.0 = Debug|Any CPU
		{L2M3N4O5-P6Q7-8901-5678-234567890123}.Debug|x86.ActiveCfg = Debug|Any CPU
		{L2M3N4O5-P6Q7-8901-5678-234567890123}.Debug|x86.Build.0 = Debug|Any CPU
		{L2M3N4O5-P6Q7-8901-5678-234567890123}.Release|Any CPU.ActiveCfg = Release|Any CPU
		{L2M3N4O5-P6Q7-8901-5678-234567890123}.Release|Any CPU.Build.0 = Release|Any CPU
		{L2M3N4O5-P6Q7-8901-5678-234567890123}.Release|x64.ActiveCfg = Release|Any CPU
		{L2M3N4O5-P6Q7-8901-5678-234567890123}.Release|x64.Build.0 = Release|Any CPU
		{L2M3N4O5-P6Q7-8901-5678-234567890123}.Release|x86.ActiveCfg = Release|Any CPU
		{L2M3N4O5-P6Q7-8901-5678-234567890123}.Release|x86.Build.0 = Release|Any CPU
		{M3N4O5P6-Q7R8-9012-6789-345678901234}.Debug|Any CPU.ActiveCfg = Debug|Any CPU
		{M3N4O5P6-Q7R8-9012-6789-345678901234}.Debug|Any CPU.Build.0 = Debug|Any CPU
		{M3N4O5P6-Q7R8-9012-6789-345678901234}.Debug|x64.ActiveCfg = Debug|Any CPU
		{M3N4O5P6-Q7R8-9012-6789-345678901234}.Debug|x64.Build.0 = Debug|Any CPU
		{M3N4O5P6-Q7R8-9012-6789-345678901234}.Debug|x86.ActiveCfg = Debug|Any CPU
		{M3N4O5P6-Q7R8-9012-6789-345678901234}.Debug|x86.Build.0 = Debug|Any CPU
		{M3N4O5P6-Q7R8-9012-6789-345678901234}.Release|Any CPU.ActiveCfg = Release|Any CPU
		{M3N4O5P6-Q7R8-9012-6789-345678901234}.Release|Any CPU.Build.0 = Release|Any CPU
		{M3N4O5P6-Q7R8-9012-6789-345678901234}.Release|x64.ActiveCfg = Release|Any CPU
		{M3N4O5P6-Q7R8-9012-6789-345678901234}.Release|x64.Build.0 = Release|Any CPU
		{M3N4O5P6-Q7R8-9012-6789-345678901234}.Release|x86.ActiveCfg = Release|Any CPU
		{M3N4O5P6-Q7R8-9012-6789-345678901234}.Release|x86.Build.0 = Release|Any CPU
	EndGlobalSection
	GlobalSection(SolutionProperties) = preSolution
		HideSolutionNode = FALSE
	EndGlobalSection
	GlobalSection(NestedProjects) = preSolution
		{D2C7D210-E022-4B32-950A-6CE2D993E822} = {827E0CD3-B72D-47B6-A68D-7590B98EB39B}
		{F985D5D1-B873-4DB0-AE70-A52964AD8688} = {827E0CD3-B72D-47B6-A68D-7590B98EB39B}
		{4D4F6E97-8D43-41A1-8694-7117D238846A} = {827E0CD3-B72D-47B6-A68D-7590B98EB39B}
		{E204619C-78D3-4442-A953-EC0C200A592C} = {827E0CD3-B72D-47B6-A68D-7590B98EB39B}
		{F7E5B8A1-1234-4567-8901-234567890123} = {827E0CD3-B72D-47B6-A68D-7590B98EB39B}
		{6611A98A-C6A3-40A4-9A9C-1241EC00750B} = {489943A7-7DC0-4BFE-99AF-524E29D60AAB}
		{A1B2C3D4-E5F6-7890-ABCD-EF1234567890} = {827E0CD3-B72D-47B6-A68D-7590B98EB39B}
		{B2C3D4E5-F6G7-8901-BCDE-F12345678901} = {827E0CD3-B72D-47B6-A68D-7590B98EB39B}

		{D4E5F6G7-H8I9-0123-DEF0-456789012345} = {827E0CD3-B72D-47B6-A68D-7590B98EB39B}
		{E5F6G7H8-I9J0-1234-EF01-567890123456} = {827E0CD3-B72D-47B6-A68D-7590B98EB39B}
		{F6G7H8I9-J0K1-2345-F012-678901234567} = {827E0CD3-B72D-47B6-A68D-7590B98EB39B}
		{G7H8I9J0-K1L2-3456-0123-789012345678} = {827E0CD3-B72D-47B6-A68D-7590B98EB39B}
		{H8I9J0K1-L2M3-4567-1234-890123456789} = {827E0CD3-B72D-47B6-A68D-7590B98EB39B}
		{I9J0K1L2-M3N4-5678-2345-901234567890} = {827E0CD3-B72D-47B6-A68D-7590B98EB39B}
		{J0K1L2M3-N4O5-6789-3456-012345678901} = {827E0CD3-B72D-47B6-A68D-7590B98EB39B}
		{K1L2M3N4-O5P6-7890-4567-123456789012} = {827E0CD3-B72D-47B6-A68D-7590B98EB39B}
		{L2M3N4O5-P6Q7-8901-5678-234567890123} = {827E0CD3-B72D-47B6-A68D-7590B98EB39B}
		{M3N4O5P6-Q7R8-9012-6789-345678901234} = {827E0CD3-B72D-47B6-A68D-7590B98EB39B}
	EndGlobalSection
EndGlobal
